
Microsoft Visual Studio Solution File, Format Version 12.00
# Visual Studio Version 16
VisualStudioVersion = 16.0.30717.126
MinimumVisualStudioVersion = 10.0.40219.1
Project("{9A19103F-16F7-4668-BE54-9A1E7A4F7556}") = "Tanks", "Tanks\Tanks.csproj", "{8257EA6C-ECAF-4506-8BA0-9C545653B79B}"
EndProject
Project("{FAE04EC0-301F-11D3-BF4B-00C04F79EFBC}") = "MyClassLib", "MyClassLib\MyClassLib.csproj", "{D86DEFD3-BA98-480E-A789-60B2A2DEE97F}"
EndProject
Global
	GlobalSection(SolutionConfigurationPlatforms) = preSolution
		Debug|Any CPU = Debug|Any CPU
		Release|Any CPU = Release|Any CPU
	EndGlobalSection
	GlobalSection(ProjectConfigurationPlatforms) = postSolution
		{8257EA6C-ECAF-4506-8BA0-9C545653B79B}.Debug|Any CPU.ActiveCfg = Debug|Any CPU
		{8257EA6C-ECAF-4506-8BA0-9C545653B79B}.Debug|Any CPU.Build.0 = Debug|Any CPU
		{8257EA6C-ECAF-4506-8BA0-9C545653B79B}.Release|Any CPU.ActiveCfg = Release|Any CPU
		{8257EA6C-ECAF-4506-8BA0-9C545653B79B}.Release|Any CPU.Build.0 = Release|Any CPU
		{D86DEFD3-BA98-480E-A789-60B2A2DEE97F}.Debug|Any CPU.ActiveCfg = Debug|Any CPU
		{D86DEFD3-BA98-480E-A789-60B2A2DEE97F}.Debug|Any CPU.Build.0 = Debug|Any CPU
		{D86DEFD3-BA98-480E-A789-60B2A2DEE97F}.Release|Any CPU.ActiveCfg = Release|Any CPU
		{D86DEFD3-BA98-480E-A789-60B2A2DEE97F}.Release|Any CPU.Build.0 = Release|Any CPU
	EndGlobalSection
	GlobalSection(SolutionProperties) = preSolution
		HideSolutionNode = FALSE
	EndGlobalSection
	GlobalSection(ExtensibilityGlobals) = postSolution
		SolutionGuid = {1336D9F9-97F5-421A-B9A4-1FFC5F5EFE9E}
	EndGlobalSection
EndGlobal
